// !$*UTF8*$!
{
	archiveVersion = 1;
	classes = {
	};
	objectVersion = 56;
	objects = {

/* Begin PBXBuildFile section */
		43188FBA2974118F003D926C /* Constants.swift in Sources */ = {isa = PBXBuildFile; fileRef = 43188FB92974118F003D926C /* Constants.swift */; };
		43188FBC29741480003D926C /* BulbControl.swift in Sources */ = {isa = PBXBuildFile; fileRef = 43188FBB29741480003D926C /* BulbControl.swift */; };
		43874E8C297492890034BD90 /* Helpers.swift in Sources */ = {isa = PBXBuildFile; fileRef = 43874E8B297492890034BD90 /* Helpers.swift */; };
		43F7C7262972A7C800569C92 /* LightBulbApp.swift in Sources */ = {isa = PBXBuildFile; fileRef = 43F7C7252972A7C800569C92 /* LightBulbApp.swift */; };
		43F7C7282972A7C800569C92 /* ContentView.swift in Sources */ = {isa = PBXBuildFile; fileRef = 43F7C7272972A7C800569C92 /* ContentView.swift */; };
		43F7C72A2972A7CA00569C92 /* Assets.xcassets in Resources */ = {isa = PBXBuildFile; fileRef = 43F7C7292972A7CA00569C92 /* Assets.xcassets */; };
		43F7C72D2972A7CA00569C92 /* Preview Assets.xcassets in Resources */ = {isa = PBXBuildFile; fileRef = 43F7C72C2972A7CA00569C92 /* Preview Assets.xcassets */; };
		43F7C7342972C3E000569C92 /* Bulb.swift in Sources */ = {isa = PBXBuildFile; fileRef = 43F7C7332972C3E000569C92 /* Bulb.swift */; };
/* End PBXBuildFile section */

/* Begin PBXFileReference section */
		43188FB92974118F003D926C /* Constants.swift */ = {isa = PBXFileReference; lastKnownFileType = sourcecode.swift; path = Constants.swift; sourceTree = "<group>"; };
		43188FBB29741480003D926C /* BulbControl.swift */ = {isa = PBXFileReference; lastKnownFileType = sourcecode.swift; path = BulbControl.swift; sourceTree = "<group>"; };
		43874E8B297492890034BD90 /* Helpers.swift */ = {isa = PBXFileReference; lastKnownFileType = sourcecode.swift; path = Helpers.swift; sourceTree = "<group>"; };
		43F7C7222972A7C800569C92 /* LightBulb.app */ = {isa = PBXFileReference; explicitFileType = wrapper.application; includeInIndex = 0; path = LightBulb.app; sourceTree = BUILT_PRODUCTS_DIR; };
		43F7C7252972A7C800569C92 /* LightBulbApp.swift */ = {isa = PBXFileReference; lastKnownFileType = sourcecode.swift; path = LightBulbApp.swift; sourceTree = "<group>"; };
		43F7C7272972A7C800569C92 /* ContentView.swift */ = {isa = PBXFileReference; lastKnownFileType = sourcecode.swift; path = ContentView.swift; sourceTree = "<group>"; };
		43F7C7292972A7CA00569C92 /* Assets.xcassets */ = {isa = PBXFileReference; lastKnownFileType = folder.assetcatalog; path = Assets.xcassets; sourceTree = "<group>"; };
		43F7C72C2972A7CA00569C92 /* Preview Assets.xcassets */ = {isa = PBXFileReference; lastKnownFileType = folder.assetcatalog; path = "Preview Assets.xcassets"; sourceTree = "<group>"; };
		43F7C7332972C3E000569C92 /* Bulb.swift */ = {isa = PBXFileReference; lastKnownFileType = sourcecode.swift; path = Bulb.swift; sourceTree = "<group>"; };
/* End PBXFileReference section */

/* Begin PBXFrameworksBuildPhase section */
		43F7C71F2972A7C800569C92 /* Frameworks */ = {
			isa = PBXFrameworksBuildPhase;
			buildActionMask = 2147483647;
			files = (
			);
			runOnlyForDeploymentPostprocessing = 0;
		};
/* End PBXFrameworksBuildPhase section */

/* Begin PBXGroup section */
		43D1444E2975C7840081898D /* Resources */ = {
			isa = PBXGroup;
			children = (
				43188FB92974118F003D926C /* Constants.swift */,
				43874E8B297492890034BD90 /* Helpers.swift */,
			);
			path = Resources;
			sourceTree = "<group>";
		};
		43D1444F2975C7CC0081898D /* Models */ = {
			isa = PBXGroup;
			children = (
				43F7C7332972C3E000569C92 /* Bulb.swift */,
				43188FBB29741480003D926C /* BulbControl.swift */,
			);
			path = Models;
			sourceTree = "<group>";
		};
		43F7C7192972A7C800569C92 = {
			isa = PBXGroup;
			children = (
				43F7C7242972A7C800569C92 /* LightBulb */,
				43F7C7232972A7C800569C92 /* Products */,
			);
			sourceTree = "<group>";
		};
		43F7C7232972A7C800569C92 /* Products */ = {
			isa = PBXGroup;
			children = (
				43F7C7222972A7C800569C92 /* LightBulb.app */,
			);
			name = Products;
			sourceTree = "<group>";
		};
		43F7C7242972A7C800569C92 /* LightBulb */ = {
			isa = PBXGroup;
			children = (
				43F7C7252972A7C800569C92 /* LightBulbApp.swift */,
				43F7C7272972A7C800569C92 /* ContentView.swift */,
				43D1444F2975C7CC0081898D /* Models */,
				43D1444E2975C7840081898D /* Resources */,
				43F7C7292972A7CA00569C92 /* Assets.xcassets */,
				43F7C72B2972A7CA00569C92 /* Preview Content */,
			);
			path = LightBulb;
			sourceTree = "<group>";
		};
		43F7C72B2972A7CA00569C92 /* Preview Content */ = {
			isa = PBXGroup;
			children = (
				43F7C72C2972A7CA00569C92 /* Preview Assets.xcassets */,
			);
			path = "Preview Content";
			sourceTree = "<group>";
		};
/* End PBXGroup section */

/* Begin PBXNativeTarget section */
		43F7C7212972A7C800569C92 /* LightBulb */ = {
			isa = PBXNativeTarget;
			buildConfigurationList = 43F7C7302972A7CA00569C92 /* Build configuration list for PBXNativeTarget "LightBulb" */;
			buildPhases = (
				43F7C71E2972A7C800569C92 /* Sources */,
				43F7C71F2972A7C800569C92 /* Frameworks */,
				43F7C7202972A7C800569C92 /* Resources */,
			);
			buildRules = (
			);
			dependencies = (
			);
			name = LightBulb;
			productName = LightBulb;
			productReference = 43F7C7222972A7C800569C92 /* LightBulb.app */;
			productType = "com.apple.product-type.application";
		};
/* End PBXNativeTarget section */

/* Begin PBXProject section */
		43F7C71A2972A7C800569C92 /* Project object */ = {
			isa = PBXProject;
			attributes = {
				BuildIndependentTargetsInParallel = 1;
				LastSwiftUpdateCheck = 1400;
				LastUpgradeCheck = 1400;
				TargetAttributes = {
					43F7C7212972A7C800569C92 = {
						CreatedOnToolsVersion = 14.0.1;
					};
				};
			};
			buildConfigurationList = 43F7C71D2972A7C800569C92 /* Build configuration list for PBXProject "LightBulb" */;
			compatibilityVersion = "Xcode 14.0";
			developmentRegion = en;
			hasScannedForEncodings = 0;
			knownRegions = (
				en,
				Base,
			);
			mainGroup = 43F7C7192972A7C800569C92;
			productRefGroup = 43F7C7232972A7C800569C92 /* Products */;
			projectDirPath = "";
			projectRoot = "";
			targets = (
				43F7C7212972A7C800569C92 /* LightBulb */,
			);
		};
/* End PBXProject section */

/* Begin PBXResourcesBuildPhase section */
		43F7C7202972A7C800569C92 /* Resources */ = {
			isa = PBXResourcesBuildPhase;
			buildActionMask = 2147483647;
			files = (
				43F7C72D2972A7CA00569C92 /* Preview Assets.xcassets in Resources */,
				43F7C72A2972A7CA00569C92 /* Assets.xcassets in Resources */,
			);
			runOnlyForDeploymentPostprocessing = 0;
		};
/* End PBXResourcesBuildPhase section */

/* Begin PBXSourcesBuildPhase section */
		43F7C71E2972A7C800569C92 /* Sources */ = {
			isa = PBXSourcesBuildPhase;
			buildActionMask = 2147483647;
			files = (
				43F7C7282972A7C800569C92 /* ContentView.swift in Sources */,
				43874E8C297492890034BD90 /* Helpers.swift in Sources */,
				43F7C7342972C3E000569C92 /* Bulb.swift in Sources */,
				43F7C7262972A7C800569C92 /* LightBulbApp.swift in Sources */,
				43188FBA2974118F003D926C /* Constants.swift in Sources */,
				43188FBC29741480003D926C /* BulbControl.swift in Sources */,
			);
			runOnlyForDeploymentPostprocessing = 0;
		};
/* End PBXSourcesBuildPhase section */

/* Begin XCBuildConfiguration section */
		43F7C72E2972A7CA00569C92 /* Debug */ = {
			isa = XCBuildConfiguration;
			buildSettings = {
				ALWAYS_SEARCH_USER_PATHS = NO;
				CLANG_ANALYZER_NONNULL = YES;
				CLANG_ANALYZER_NUMBER_OBJECT_CONVERSION = YES_AGGRESSIVE;
				CLANG_CXX_LANGUAGE_STANDARD = "gnu++20";
				CLANG_ENABLE_MODULES = YES;
				CLANG_ENABLE_OBJC_ARC = YES;
				CLANG_ENABLE_OBJC_WEAK = YES;
				CLANG_WARN_BLOCK_CAPTURE_AUTORELEASING = YES;
				CLANG_WARN_BOOL_CONVERSION = YES;
				CLANG_WARN_COMMA = YES;
				CLANG_WARN_CONSTANT_CONVERSION = YES;
				CLANG_WARN_DEPRECATED_OBJC_IMPLEMENTATIONS = YES;
				CLANG_WARN_DIRECT_OBJC_ISA_USAGE = YES_ERROR;
				CLANG_WARN_DOCUMENTATION_COMMENTS = YES;
				CLANG_WARN_EMPTY_BODY = YES;
				CLANG_WARN_ENUM_CONVERSION = YES;
				CLANG_WARN_INFINITE_RECURSION = YES;
				CLANG_WARN_INT_CONVERSION = YES;
				CLANG_WARN_NON_LITERAL_NULL_CONVERSION = YES;
				CLANG_WARN_OBJC_IMPLICIT_RETAIN_SELF = YES;
				CLANG_WARN_OBJC_LITERAL_CONVERSION = YES;
				CLANG_WARN_OBJC_ROOT_CLASS = YES_ERROR;
				CLANG_WARN_QUOTED_INCLUDE_IN_FRAMEWORK_HEADER = YES;
				CLANG_WARN_RANGE_LOOP_ANALYSIS = YES;
				CLANG_WARN_STRICT_PROTOTYPES = YES;
				CLANG_WARN_SUSPICIOUS_MOVE = YES;
				CLANG_WARN_UNGUARDED_AVAILABILITY = YES_AGGRESSIVE;
				CLANG_WARN_UNREACHABLE_CODE = YES;
				CLANG_WARN__DUPLICATE_METHOD_MATCH = YES;
				COPY_PHASE_STRIP = NO;
				DEBUG_INFORMATION_FORMAT = dwarf;
				ENABLE_STRICT_OBJC_MSGSEND = YES;
				ENABLE_TESTABILITY = YES;
				GCC_C_LANGUAGE_STANDARD = gnu11;
				GCC_DYNAMIC_NO_PIC = NO;
				GCC_NO_COMMON_BLOCKS = YES;
				GCC_OPTIMIZATION_LEVEL = 0;
				GCC_PREPROCESSOR_DEFINITIONS = (
					"DEBUG=1",
					"$(inherited)",
				);
				GCC_WARN_64_TO_32_BIT_CONVERSION = YES;
				GCC_WARN_ABOUT_RETURN_TYPE = YES_ERROR;
				GCC_WARN_UNDECLARED_SELECTOR = YES;
				GCC_WARN_UNINITIALIZED_AUTOS = YES_AGGRESSIVE;
				GCC_WARN_UNUSED_FUNCTION = YES;
				GCC_WARN_UNUSED_VARIABLE = YES;
				IPHONEOS_DEPLOYMENT_TARGET = 16.0;
				MTL_ENABLE_DEBUG_INFO = INCLUDE_SOURCE;
				MTL_FAST_MATH = YES;
				ONLY_ACTIVE_ARCH = YES;
				SDKROOT = iphoneos;
				SWIFT_ACTIVE_COMPILATION_CONDITIONS = DEBUG;
				SWIFT_OPTIMIZATION_LEVEL = "-Onone";
			};
			name = Debug;
		};
		43F7C72F2972A7CA00569C92 /* Release */ = {
			isa = XCBuildConfiguration;
			buildSettings = {
				ALWAYS_SEARCH_USER_PATHS = NO;
				CLANG_ANALYZER_NONNULL = YES;
				CLANG_ANALYZER_NUMBER_OBJECT_CONVERSION = YES_AGGRESSIVE;
				CLANG_CXX_LANGUAGE_STANDARD = "gnu++20";
				CLANG_ENABLE_MODULES = YES;
				CLANG_ENABLE_OBJC_ARC = YES;
				CLANG_ENABLE_OBJC_WEAK = YES;
				CLANG_WARN_BLOCK_CAPTURE_AUTORELEASING = YES;
				CLANG_WARN_BOOL_CONVERSION = YES;
				CLANG_WARN_COMMA = YES;
				CLANG_WARN_CONSTANT_CONVERSION = YES;
				CLANG_WARN_DEPRECATED_OBJC_IMPLEMENTATIONS = YES;
				CLANG_WARN_DIRECT_OBJC_ISA_USAGE = YES_ERROR;
				CLANG_WARN_DOCUMENTATION_COMMENTS = YES;
				CLANG_WARN_EMPTY_BODY = YES;
				CLANG_WARN_ENUM_CONVERSION = YES;
				CLANG_WARN_INFINITE_RECURSION = YES;
				CLANG_WARN_INT_CONVERSION = YES;
				CLANG_WARN_NON_LITERAL_NULL_CONVERSION = YES;
				CLANG_WARN_OBJC_IMPLICIT_RETAIN_SELF = YES;
				CLANG_WARN_OBJC_LITERAL_CONVERSION = YES;
				CLANG_WARN_OBJC_ROOT_CLASS = YES_ERROR;
				CLANG_WARN_QUOTED_INCLUDE_IN_FRAMEWORK_HEADER = YES;
				CLANG_WARN_RANGE_LOOP_ANALYSIS = YES;
				CLANG_WARN_STRICT_PROTOTYPES = YES;
				CLANG_WARN_SUSPICIOUS_MOVE = YES;
				CLANG_WARN_UNGUARDED_AVAILABILITY = YES_AGGRESSIVE;
				CLANG_WARN_UNREACHABLE_CODE = YES;
				CLANG_WARN__DUPLICATE_METHOD_MATCH = YES;
				COPY_PHASE_STRIP = NO;
				DEBUG_INFORMATION_FORMAT = "dwarf-with-dsym";
				ENABLE_NS_ASSERTIONS = NO;
				ENABLE_STRICT_OBJC_MSGSEND = YES;
				GCC_C_LANGUAGE_STANDARD = gnu11;
				GCC_NO_COMMON_BLOCKS = YES;
				GCC_WARN_64_TO_32_BIT_CONVERSION = YES;
				GCC_WARN_ABOUT_RETURN_TYPE = YES_ERROR;
				GCC_WARN_UNDECLARED_SELECTOR = YES;
				GCC_WARN_UNINITIALIZED_AUTOS = YES_AGGRESSIVE;
				GCC_WARN_UNUSED_FUNCTION = YES;
				GCC_WARN_UNUSED_VARIABLE = YES;
				IPHONEOS_DEPLOYMENT_TARGET = 16.0;
				MTL_ENABLE_DEBUG_INFO = NO;
				MTL_FAST_MATH = YES;
				SDKROOT = iphoneos;
				SWIFT_COMPILATION_MODE = wholemodule;
				SWIFT_OPTIMIZATION_LEVEL = "-O";
				VALIDATE_PRODUCT = YES;
			};
			name = Release;
		};
		43F7C7312972A7CA00569C92 /* Debug */ = {
			isa = XCBuildConfiguration;
			buildSettings = {
				ASSETCATALOG_COMPILER_APPICON_NAME = AppIcon;
				ASSETCATALOG_COMPILER_GLOBAL_ACCENT_COLOR_NAME = AccentColor;
				CODE_SIGN_STYLE = Automatic;
				CURRENT_PROJECT_VERSION = 1;
				DEVELOPMENT_ASSET_PATHS = "\"LightBulb/Preview Content\"";
				ENABLE_PREVIEWS = YES;
				GENERATE_INFOPLIST_FILE = YES;
				INFOPLIST_KEY_UIApplicationSceneManifest_Generation = YES;
				INFOPLIST_KEY_UIApplicationSupportsIndirectInputEvents = YES;
				INFOPLIST_KEY_UILaunchScreen_Generation = YES;
				INFOPLIST_KEY_UISupportedInterfaceOrientations = UIInterfaceOrientationPortrait;
				IPHONEOS_DEPLOYMENT_TARGET = 15.0;
				LD_RUNPATH_SEARCH_PATHS = (
					"$(inherited)",
					"@executable_path/Frameworks",
				);
				MARKETING_VERSION = 1.0;
				PRODUCT_BUNDLE_IDENTIFIER = com.LightBulb;
				PRODUCT_NAME = "$(TARGET_NAME)";
				SWIFT_EMIT_LOC_STRINGS = YES;
				SWIFT_VERSION = 5.0;
				TARGETED_DEVICE_FAMILY = "1,2";
			};
			name = Debug;
		};
		43F7C7322972A7CA00569C92 /* Release */ = {
			isa = XCBuildConfiguration;
			buildSettings = {
				ASSETCATALOG_COMPILER_APPICON_NAME = AppIcon;
				ASSETCATALOG_COMPILER_GLOBAL_ACCENT_COLOR_NAME = AccentColor;
				CODE_SIGN_STYLE = Automatic;
				CURRENT_PROJECT_VERSION = 1;
				DEVELOPMENT_ASSET_PATHS = "\"LightBulb/Preview Content\"";
				ENABLE_PREVIEWS = YES;
				GENERATE_INFOPLIST_FILE = YES;
				INFOPLIST_KEY_UIApplicationSceneManifest_Generation = YES;
				INFOPLIST_KEY_UIApplicationSupportsIndirectInputEvents = YES;
				INFOPLIST_KEY_UILaunchScreen_Generation = YES;
				INFOPLIST_KEY_UISupportedInterfaceOrientations = UIInterfaceOrientationPortrait;
				IPHONEOS_DEPLOYMENT_TARGET = 15.0;
				LD_RUNPATH_SEARCH_PATHS = (
					"$(inherited)",
					"@executable_path/Frameworks",
				);
				MARKETING_VERSION = 1.0;
				PRODUCT_BUNDLE_IDENTIFIER = com.LightBulb;
				PRODUCT_NAME = "$(TARGET_NAME)";
				SWIFT_EMIT_LOC_STRINGS = YES;
				SWIFT_VERSION = 5.0;
				TARGETED_DEVICE_FAMILY = "1,2";
			};
			name = Release;
		};
/* End XCBuildConfiguration section */

/* Begin XCConfigurationList section */
		43F7C71D2972A7C800569C92 /* Build configuration list for PBXProject "LightBulb" */ = {
			isa = XCConfigurationList;
			buildConfigurations = (
				43F7C72E2972A7CA00569C92 /* Debug */,
				43F7C72F2972A7CA00569C92 /* Release */,
			);
			defaultConfigurationIsVisible = 0;
			defaultConfigurationName = Release;
		};
		43F7C7302972A7CA00569C92 /* Build configuration list for PBXNativeTarget "LightBulb" */ = {
			isa = XCConfigurationList;
			buildConfigurations = (
				43F7C7312972A7CA00569C92 /* Debug */,
				43F7C7322972A7CA00569C92 /* Release */,
			);
			defaultConfigurationIsVisible = 0;
			defaultConfigurationName = Release;
		};
/* End XCConfigurationList section */
	};
	rootObject = 43F7C71A2972A7C800569C92 /* Project object */;
}
